
Microsoft Visual Studio Solution File, Format Version 12.00
# Visual Studio Version 17
VisualStudioVersion = 17.0.31903.59
MinimumVisualStudioVersion = 10.0.40219.1
Project("{9A19103F-16F7-4668-BE54-9A1E7A4F7556}") = "Application", "src\Application\Application.csproj", "{34C0FACD-F3D9-400C-8945-554DD6B0819A}"
EndProject
Project("{2150E333-8FDC-42A3-9474-1A3956D46DE8}") = "src", "src", "{6ED356A7-8B47-4613-AD01-C85CF28491BD}"
EndProject
Project("{9A19103F-16F7-4668-BE54-9A1E7A4F7556}") = "Api", "src\Api\Api.csproj", "{22454EE9-16B3-4B7A-8352-37E59B858155}"
EndProject
Project("{2150E333-8FDC-42A3-9474-1A3956D46DE8}") = "Solution Items", "Solution Items", "{2AEA8A2A-E82B-4825-9834-9BA620249128}"
	ProjectSection(SolutionItems) = preProject
		README.md = README.md
	EndProjectSection
EndProject
Project("{2150E333-8FDC-42A3-9474-1A3956D46DE8}") = "tests", "tests", "{5F44F0AC-5482-4A73-9CAE-6A550E23B510}"
EndProject
Project("{FAE04EC0-301F-11D3-BF4B-00C04F79EFBC}") = "Application.UnitTests", "tests\Application.UnitTests\Application.UnitTests.csproj", "{24BF57AE-47C4-4065-BAB0-72ACB562D22E}"
EndProject
Global
	GlobalSection(SolutionConfigurationPlatforms) = preSolution
		Debug|Any CPU = Debug|Any CPU
		Release|Any CPU = Release|Any CPU
	EndGlobalSection
	GlobalSection(ProjectConfigurationPlatforms) = postSolution
		{34C0FACD-F3D9-400C-8945-554DD6B0819A}.Debug|Any CPU.ActiveCfg = Debug|Any CPU
		{34C0FACD-F3D9-400C-8945-554DD6B0819A}.Debug|Any CPU.Build.0 = Debug|Any CPU
		{34C0FACD-F3D9-400C-8945-554DD6B0819A}.Release|Any CPU.ActiveCfg = Release|Any CPU
		{34C0FACD-F3D9-400C-8945-554DD6B0819A}.Release|Any CPU.Build.0 = Release|Any CPU
		{6BD2EC46-FA8F-44F3-AF33-903BBB347116}.Debug|Any CPU.ActiveCfg = Debug|Any CPU
		{6BD2EC46-FA8F-44F3-AF33-903BBB347116}.Debug|Any CPU.Build.0 = Debug|Any CPU
		{6BD2EC46-FA8F-44F3-AF33-903BBB347116}.Release|Any CPU.ActiveCfg = Release|Any CPU
		{6BD2EC46-FA8F-44F3-AF33-903BBB347116}.Release|Any CPU.Build.0 = Release|Any CPU
		{22454EE9-16B3-4B7A-8352-37E59B858155}.Debug|Any CPU.ActiveCfg = Debug|Any CPU
		{22454EE9-16B3-4B7A-8352-37E59B858155}.Debug|Any CPU.Build.0 = Debug|Any CPU
		{22454EE9-16B3-4B7A-8352-37E59B858155}.Release|Any CPU.ActiveCfg = Release|Any CPU
		{22454EE9-16B3-4B7A-8352-37E59B858155}.Release|Any CPU.Build.0 = Release|Any CPU
		{24BF57AE-47C4-4065-BAB0-72ACB562D22E}.Debug|Any CPU.ActiveCfg = Debug|Any CPU
		{24BF57AE-47C4-4065-BAB0-72ACB562D22E}.Debug|Any CPU.Build.0 = Debug|Any CPU
		{24BF57AE-47C4-4065-BAB0-72ACB562D22E}.Release|Any CPU.ActiveCfg = Release|Any CPU
		{24BF57AE-47C4-4065-BAB0-72ACB562D22E}.Release|Any CPU.Build.0 = Release|Any CPU
	EndGlobalSection
	GlobalSection(SolutionProperties) = preSolution
		HideSolutionNode = FALSE
	EndGlobalSection
	GlobalSection(NestedProjects) = preSolution
		{34C0FACD-F3D9-400C-8945-554DD6B0819A} = {6ED356A7-8B47-4613-AD01-C85CF28491BD}
		{22454EE9-16B3-4B7A-8352-37E59B858155} = {6ED356A7-8B47-4613-AD01-C85CF28491BD}
		{24BF57AE-47C4-4065-BAB0-72ACB562D22E} = {5F44F0AC-5482-4A73-9CAE-6A550E23B510}
	EndGlobalSection
	GlobalSection(ExtensibilityGlobals) = postSolution
		SolutionGuid = {3CB609D9-5D54-4C11-A371-DAAC8B74E430}
	EndGlobalSection
EndGlobal
